
Microsoft Visual Studio Solution File, Format Version 12.00
# Visual Studio Version 17
VisualStudioVersion = 17.7.34202.233
MinimumVisualStudioVersion = 10.0.40219.1
Project("{FAE04EC0-301F-11D3-BF4B-00C04F79EFBC}") = "Vetor8", "Vetor8\Vetor8.csproj", "{CBFA55D3-EE3D-46C0-B4F6-689023615F8C}"
EndProject
Global
	GlobalSection(SolutionConfigurationPlatforms) = preSolution
		Debug|Any CPU = Debug|Any CPU
		Release|Any CPU = Release|Any CPU
	EndGlobalSection
	GlobalSection(ProjectConfigurationPlatforms) = postSolution
		{CBFA55D3-EE3D-46C0-B4F6-689023615F8C}.Debug|Any CPU.ActiveCfg = Debug|Any CPU
		{CBFA55D3-EE3D-46C0-B4F6-689023615F8C}.Debug|Any CPU.Build.0 = Debug|Any CPU
		{CBFA55D3-EE3D-46C0-B4F6-689023615F8C}.Release|Any CPU.ActiveCfg = Release|Any CPU
		{CBFA55D3-EE3D-46C0-B4F6-689023615F8C}.Release|Any CPU.Build.0 = Release|Any CPU
	EndGlobalSection
	GlobalSection(SolutionProperties) = preSolution
		HideSolutionNode = FALSE
	EndGlobalSection
	GlobalSection(ExtensibilityGlobals) = postSolution
		SolutionGuid = {003CE4AA-F215-447D-85F9-223D157D0258}
	EndGlobalSection
EndGlobal
